// !$*UTF8*$!
{
	archiveVersion = 1;
	classes = {
	};
	objectVersion = 46;
	objects = {

/* Begin PBXBuildFile section */
		8F0147AC1BAA15EF001ED3CF /* SequenceType.swift in Sources */ = {isa = PBXBuildFile; fileRef = 8F0147AB1BAA15EF001ED3CF /* SequenceType.swift */; };
		8F0147AE1BAA16D3001ED3CF /* SequenceTypeTests.swift in Sources */ = {isa = PBXBuildFile; fileRef = 8F0147AD1BAA16D3001ED3CF /* SequenceTypeTests.swift */; };
		8F0147AF1BAA1753001ED3CF /* SequenceType.swift in Sources */ = {isa = PBXBuildFile; fileRef = 8F0147AB1BAA15EF001ED3CF /* SequenceType.swift */; };
		8F1280CD1BC6800800F0B005 /* GenericIntegerType.swift in Sources */ = {isa = PBXBuildFile; fileRef = 8F1280CC1BC6800700F0B005 /* GenericIntegerType.swift */; };
		8F1280CF1BC6981300F0B005 /* BufferTests.swift in Sources */ = {isa = PBXBuildFile; fileRef = 8F1280CE1BC6981300F0B005 /* BufferTests.swift */; };
		8F1280D11BC6A33500F0B005 /* ByteBufferTests.swift in Sources */ = {isa = PBXBuildFile; fileRef = 8F1280D01BC6A33500F0B005 /* ByteBufferTests.swift */; };
		8F1280D21BC795F200F0B005 /* GenericIntegerType.swift in Sources */ = {isa = PBXBuildFile; fileRef = 8F1280CC1BC6800700F0B005 /* GenericIntegerType.swift */; };
		8F1280D41BC79A8D00F0B005 /* BytableTests.swift in Sources */ = {isa = PBXBuildFile; fileRef = 8F1280D31BC79A8D00F0B005 /* BytableTests.swift */; };
		8F1280E61BCB81A700F0B005 /* Choice.swift in Sources */ = {isa = PBXBuildFile; fileRef = 8F1280E51BCB81A600F0B005 /* Choice.swift */; };
		8F1280E71BCB81CC00F0B005 /* Choice.swift in Sources */ = {isa = PBXBuildFile; fileRef = 8F1280E51BCB81A600F0B005 /* Choice.swift */; };
		8F1280E91BCBB14200F0B005 /* ChoiceTests.swift in Sources */ = {isa = PBXBuildFile; fileRef = 8F1280E81BCBB14200F0B005 /* ChoiceTests.swift */; };
		8F1281031BCC1C4B00F0B005 /* Hashable.swift in Sources */ = {isa = PBXBuildFile; fileRef = 8F1281021BCC1C4B00F0B005 /* Hashable.swift */; };
		8F1281051BCC1C6C00F0B005 /* HashableTests.swift in Sources */ = {isa = PBXBuildFile; fileRef = 8F1281041BCC1C6C00F0B005 /* HashableTests.swift */; };
		8F1281061BCC1CB700F0B005 /* Hashable.swift in Sources */ = {isa = PBXBuildFile; fileRef = 8F1281021BCC1C4B00F0B005 /* Hashable.swift */; };
		8F4547A81BBD3CE9004DE5D2 /* NSIndexSet.swift in Sources */ = {isa = PBXBuildFile; fileRef = 8F4547A71BBD3CE9004DE5D2 /* NSIndexSet.swift */; };
		8F4547AB1BBD3E44004DE5D2 /* NSIndexSetTests.swift in Sources */ = {isa = PBXBuildFile; fileRef = 8F4547AA1BBD3E44004DE5D2 /* NSIndexSetTests.swift */; };
		8F4547AC1BBD3E4B004DE5D2 /* NSIndexSet.swift in Sources */ = {isa = PBXBuildFile; fileRef = 8F4547A71BBD3CE9004DE5D2 /* NSIndexSet.swift */; };
		8F4E7D081BC26C4900A9FD25 /* CircleLabel.swift in Sources */ = {isa = PBXBuildFile; fileRef = 8F4E7D071BC26C4900A9FD25 /* CircleLabel.swift */; };
		8F4E7D0A1BC26D3900A9FD25 /* Geometry.swift in Sources */ = {isa = PBXBuildFile; fileRef = 8F4E7D091BC26D3900A9FD25 /* Geometry.swift */; };
		8F4E7D131BC26E8E00A9FD25 /* CGAffineTransform.swift in Sources */ = {isa = PBXBuildFile; fileRef = 8F4E7D0C1BC26E8E00A9FD25 /* CGAffineTransform.swift */; };
		8F4E7D141BC26E8E00A9FD25 /* CGAffineTransform.swift in Sources */ = {isa = PBXBuildFile; fileRef = 8F4E7D0C1BC26E8E00A9FD25 /* CGAffineTransform.swift */; };
		8F4E7D151BC26E8E00A9FD25 /* CGContext.swift in Sources */ = {isa = PBXBuildFile; fileRef = 8F4E7D0D1BC26E8E00A9FD25 /* CGContext.swift */; };
		8F4E7D161BC26E8E00A9FD25 /* CGContext.swift in Sources */ = {isa = PBXBuildFile; fileRef = 8F4E7D0D1BC26E8E00A9FD25 /* CGContext.swift */; };
		8F4E7D171BC26E8E00A9FD25 /* CGFloat.swift in Sources */ = {isa = PBXBuildFile; fileRef = 8F4E7D0E1BC26E8E00A9FD25 /* CGFloat.swift */; };
		8F4E7D181BC26E8E00A9FD25 /* CGFloat.swift in Sources */ = {isa = PBXBuildFile; fileRef = 8F4E7D0E1BC26E8E00A9FD25 /* CGFloat.swift */; };
		8F4E7D191BC26E8E00A9FD25 /* CGPoint.swift in Sources */ = {isa = PBXBuildFile; fileRef = 8F4E7D0F1BC26E8E00A9FD25 /* CGPoint.swift */; };
		8F4E7D1A1BC26E8E00A9FD25 /* CGPoint.swift in Sources */ = {isa = PBXBuildFile; fileRef = 8F4E7D0F1BC26E8E00A9FD25 /* CGPoint.swift */; };
		8F4E7D1B1BC26E8E00A9FD25 /* CGRect.swift in Sources */ = {isa = PBXBuildFile; fileRef = 8F4E7D101BC26E8E00A9FD25 /* CGRect.swift */; };
		8F4E7D1C1BC26E8E00A9FD25 /* CGRect.swift in Sources */ = {isa = PBXBuildFile; fileRef = 8F4E7D101BC26E8E00A9FD25 /* CGRect.swift */; };
		8F4E7D1D1BC26E8E00A9FD25 /* CGSize.swift in Sources */ = {isa = PBXBuildFile; fileRef = 8F4E7D111BC26E8E00A9FD25 /* CGSize.swift */; };
		8F4E7D1E1BC26E8E00A9FD25 /* CGSize.swift in Sources */ = {isa = PBXBuildFile; fileRef = 8F4E7D111BC26E8E00A9FD25 /* CGSize.swift */; };
		8F4E7D1F1BC26E8E00A9FD25 /* CGVector.swift in Sources */ = {isa = PBXBuildFile; fileRef = 8F4E7D121BC26E8E00A9FD25 /* CGVector.swift */; };
		8F4E7D201BC26E8E00A9FD25 /* CGVector.swift in Sources */ = {isa = PBXBuildFile; fileRef = 8F4E7D121BC26E8E00A9FD25 /* CGVector.swift */; };
		8F4F853B1BABFD010001AAE9 /* SetTests.swift in Sources */ = {isa = PBXBuildFile; fileRef = 8F4F853A1BABFD010001AAE9 /* SetTests.swift */; };
		8F4F853D1BAC24160001AAE9 /* AsyncTests.swift in Sources */ = {isa = PBXBuildFile; fileRef = 8F4F853C1BAC24160001AAE9 /* AsyncTests.swift */; };
		8F4F853E1BAC24390001AAE9 /* Async.swift in Sources */ = {isa = PBXBuildFile; fileRef = 8FB61F001BA9EA360034E54F /* Async.swift */; };
		8F4F85401BAC3D6C0001AAE9 /* Task.swift in Sources */ = {isa = PBXBuildFile; fileRef = 8F4F853F1BAC3D6C0001AAE9 /* Task.swift */; };
		8F4F85411BAC3D6F0001AAE9 /* Task.swift in Sources */ = {isa = PBXBuildFile; fileRef = 8F4F853F1BAC3D6C0001AAE9 /* Task.swift */; };
		8F4F85431BAC421F0001AAE9 /* TaskTests.swift in Sources */ = {isa = PBXBuildFile; fileRef = 8F4F85421BAC421F0001AAE9 /* TaskTests.swift */; };
		8F4F85491BAD21D10001AAE9 /* RandomTests.swift in Sources */ = {isa = PBXBuildFile; fileRef = 8F4F85481BAD21D10001AAE9 /* RandomTests.swift */; };
		8F5679D51BBE65D400F833A7 /* CircleView.swift in Sources */ = {isa = PBXBuildFile; fileRef = 8F5679D41BBE65D400F833A7 /* CircleView.swift */; };
		8F5679E41BBE8A6B00F833A7 /* NotificationHandlerManager.swift in Sources */ = {isa = PBXBuildFile; fileRef = 8F5679E31BBE8A6B00F833A7 /* NotificationHandlerManager.swift */; };
		8F5679E61BBE8A8600F833A7 /* NSNotification.swift in Sources */ = {isa = PBXBuildFile; fileRef = 8F5679E51BBE8A8600F833A7 /* NSNotification.swift */; };
		8F5CFB441BCFF8E100029D0C /* UIViewController.swift in Sources */ = {isa = PBXBuildFile; fileRef = 8F5CFB431BCFF8E100029D0C /* UIViewController.swift */; };
		8F6768781BD0F58C0094C7A8 /* CircleCell.swift in Sources */ = {isa = PBXBuildFile; fileRef = 8F6768771BD0F58C0094C7A8 /* CircleCell.swift */; };
		8F67690D1BD111620094C7A8 /* UIImage.swift in Sources */ = {isa = PBXBuildFile; fileRef = 8F67690C1BD111620094C7A8 /* UIImage.swift */; };
		8F8149D01BC3A8A60013AFFE /* UIColor.swift in Sources */ = {isa = PBXBuildFile; fileRef = 8F8149CF1BC3A8A60013AFFE /* UIColor.swift */; };
		8FB61EFD1BA9E9B50034E54F /* Debug.swift in Sources */ = {isa = PBXBuildFile; fileRef = 8FB61EFC1BA9E9B50034E54F /* Debug.swift */; };
		8FB61EFF1BA9EA180034E54F /* Hash.swift in Sources */ = {isa = PBXBuildFile; fileRef = 8FB61EFE1BA9EA180034E54F /* Hash.swift */; };
		8FB61F011BA9EA360034E54F /* Async.swift in Sources */ = {isa = PBXBuildFile; fileRef = 8FB61F001BA9EA360034E54F /* Async.swift */; };
		8FB61F1D1BA9FEE80034E54F /* String.swift in Sources */ = {isa = PBXBuildFile; fileRef = 8FB61F171BA9FEE80034E54F /* String.swift */; };
		8FB61F1E1BA9FEE80034E54F /* String.swift in Sources */ = {isa = PBXBuildFile; fileRef = 8FB61F171BA9FEE80034E54F /* String.swift */; };
		8FB61F1F1BA9FEE80034E54F /* Float.swift in Sources */ = {isa = PBXBuildFile; fileRef = 8FB61F181BA9FEE80034E54F /* Float.swift */; };
		8FB61F201BA9FEE80034E54F /* Float.swift in Sources */ = {isa = PBXBuildFile; fileRef = 8FB61F181BA9FEE80034E54F /* Float.swift */; };
		8FB61F211BA9FEE80034E54F /* Bool.swift in Sources */ = {isa = PBXBuildFile; fileRef = 8FB61F191BA9FEE80034E54F /* Bool.swift */; };
		8FB61F221BA9FEE80034E54F /* Bool.swift in Sources */ = {isa = PBXBuildFile; fileRef = 8FB61F191BA9FEE80034E54F /* Bool.swift */; };
		8FB61F231BA9FEE80034E54F /* Set.swift in Sources */ = {isa = PBXBuildFile; fileRef = 8FB61F1A1BA9FEE80034E54F /* Set.swift */; };
		8FB61F241BA9FEE80034E54F /* Set.swift in Sources */ = {isa = PBXBuildFile; fileRef = 8FB61F1A1BA9FEE80034E54F /* Set.swift */; };
		8FB61F251BA9FEE80034E54F /* Array.swift in Sources */ = {isa = PBXBuildFile; fileRef = 8FB61F1B1BA9FEE80034E54F /* Array.swift */; };
		8FB61F261BA9FEE80034E54F /* Array.swift in Sources */ = {isa = PBXBuildFile; fileRef = 8FB61F1B1BA9FEE80034E54F /* Array.swift */; };
		8FB61F271BA9FEE80034E54F /* Double.swift in Sources */ = {isa = PBXBuildFile; fileRef = 8FB61F1C1BA9FEE80034E54F /* Double.swift */; };
		8FB61F281BA9FEE80034E54F /* Double.swift in Sources */ = {isa = PBXBuildFile; fileRef = 8FB61F1C1BA9FEE80034E54F /* Double.swift */; };
		8FC3668D1BC5BF07003ADE80 /* GradientView.swift in Sources */ = {isa = PBXBuildFile; fileRef = 8FC3668C1BC5BF07003ADE80 /* GradientView.swift */; };
		8FC4C2CB1BA9AEA8004639E5 /* Silverback.h in Headers */ = {isa = PBXBuildFile; fileRef = 8FC4C2CA1BA9AEA8004639E5 /* Silverback.h */; settings = {ATTRIBUTES = (Public, ); }; };
		8FC4C2D21BA9AEA8004639E5 /* Silverback.framework in Frameworks */ = {isa = PBXBuildFile; fileRef = 8FC4C2C71BA9AEA8004639E5 /* Silverback.framework */; };
		8FC4C2E21BA9B07C004639E5 /* Operators.swift in Sources */ = {isa = PBXBuildFile; fileRef = 8FC4C2E11BA9B07C004639E5 /* Operators.swift */; };
		8FC4C2E31BA9B07D004639E5 /* Operators.swift in Sources */ = {isa = PBXBuildFile; fileRef = 8FC4C2E11BA9B07C004639E5 /* Operators.swift */; };
		8FC4C2E61BA9B0B6004639E5 /* OperatorsTests.swift in Sources */ = {isa = PBXBuildFile; fileRef = 8FC4C2E51BA9B0B6004639E5 /* OperatorsTests.swift */; };
		8FC4C3621BA9D987004639E5 /* Int.swift in Sources */ = {isa = PBXBuildFile; fileRef = 8FC4C3611BA9D987004639E5 /* Int.swift */; };
		8FC4C3631BA9D987004639E5 /* Int.swift in Sources */ = {isa = PBXBuildFile; fileRef = 8FC4C3611BA9D987004639E5 /* Int.swift */; };
		8FC4C3691BA9DACD004639E5 /* IntTests.swift in Sources */ = {isa = PBXBuildFile; fileRef = 8FC4C3681BA9DACD004639E5 /* IntTests.swift */; };
		8FC4C36B1BA9DB55004639E5 /* Random.swift in Sources */ = {isa = PBXBuildFile; fileRef = 8FC4C36A1BA9DB55004639E5 /* Random.swift */; };
		8FC4C36C1BA9DB55004639E5 /* Random.swift in Sources */ = {isa = PBXBuildFile; fileRef = 8FC4C36A1BA9DB55004639E5 /* Random.swift */; };
		8FC5C6F81BC4F38000998FC0 /* ArrayTests.swift in Sources */ = {isa = PBXBuildFile; fileRef = 8FC5C6F71BC4F38000998FC0 /* ArrayTests.swift */; };
		8FC5C6F91BC4F48000998FC0 /* Geometry.swift in Sources */ = {isa = PBXBuildFile; fileRef = 8F4E7D091BC26D3900A9FD25 /* Geometry.swift */; };
		8FF075781BC6441F008A912A /* Queue.swift in Sources */ = {isa = PBXBuildFile; fileRef = 8FF075771BC6441F008A912A /* Queue.swift */; };
		8FF0757A1BC64668008A912A /* List.swift in Sources */ = {isa = PBXBuildFile; fileRef = 8FF075791BC64668008A912A /* List.swift */; };
		8FF0757C1BC652B2008A912A /* Buffer.swift in Sources */ = {isa = PBXBuildFile; fileRef = 8FF0757B1BC652B2008A912A /* Buffer.swift */; };
		8FF0757E1BC65B9A008A912A /* ByteBuffer.swift in Sources */ = {isa = PBXBuildFile; fileRef = 8FF0757D1BC65B9A008A912A /* ByteBuffer.swift */; };
		8FF0757F1BC65C85008A912A /* ByteBuffer.swift in Sources */ = {isa = PBXBuildFile; fileRef = 8FF0757D1BC65B9A008A912A /* ByteBuffer.swift */; };
		8FF075801BC65C89008A912A /* Buffer.swift in Sources */ = {isa = PBXBuildFile; fileRef = 8FF0757B1BC652B2008A912A /* Buffer.swift */; };
		8FF075811BC65C8D008A912A /* Queue.swift in Sources */ = {isa = PBXBuildFile; fileRef = 8FF075771BC6441F008A912A /* Queue.swift */; };
		8FF075821BC65C8D008A912A /* List.swift in Sources */ = {isa = PBXBuildFile; fileRef = 8FF075791BC64668008A912A /* List.swift */; };
/* End PBXBuildFile section */

/* Begin PBXContainerItemProxy section */
		8FC4C2D31BA9AEA8004639E5 /* PBXContainerItemProxy */ = {
			isa = PBXContainerItemProxy;
			containerPortal = 8FC4C2BE1BA9AEA7004639E5 /* Project object */;
			proxyType = 1;
			remoteGlobalIDString = 8FC4C2C61BA9AEA8004639E5;
			remoteInfo = Silverback;
		};
/* End PBXContainerItemProxy section */

/* Begin PBXFileReference section */
		8F0147AB1BAA15EF001ED3CF /* SequenceType.swift */ = {isa = PBXFileReference; fileEncoding = 4; lastKnownFileType = sourcecode.swift; path = SequenceType.swift; sourceTree = "<group>"; };
		8F0147AD1BAA16D3001ED3CF /* SequenceTypeTests.swift */ = {isa = PBXFileReference; fileEncoding = 4; lastKnownFileType = sourcecode.swift; path = SequenceTypeTests.swift; sourceTree = "<group>"; };
		8F1280CC1BC6800700F0B005 /* GenericIntegerType.swift */ = {isa = PBXFileReference; fileEncoding = 4; lastKnownFileType = sourcecode.swift; path = GenericIntegerType.swift; sourceTree = "<group>"; };
		8F1280CE1BC6981300F0B005 /* BufferTests.swift */ = {isa = PBXFileReference; fileEncoding = 4; lastKnownFileType = sourcecode.swift; path = BufferTests.swift; sourceTree = "<group>"; };
		8F1280D01BC6A33500F0B005 /* ByteBufferTests.swift */ = {isa = PBXFileReference; fileEncoding = 4; lastKnownFileType = sourcecode.swift; path = ByteBufferTests.swift; sourceTree = "<group>"; };
		8F1280D31BC79A8D00F0B005 /* BytableTests.swift */ = {isa = PBXFileReference; fileEncoding = 4; lastKnownFileType = sourcecode.swift; path = BytableTests.swift; sourceTree = "<group>"; };
		8F1280E51BCB81A600F0B005 /* Choice.swift */ = {isa = PBXFileReference; fileEncoding = 4; lastKnownFileType = sourcecode.swift; path = Choice.swift; sourceTree = "<group>"; };
		8F1280E81BCBB14200F0B005 /* ChoiceTests.swift */ = {isa = PBXFileReference; fileEncoding = 4; lastKnownFileType = sourcecode.swift; path = ChoiceTests.swift; sourceTree = "<group>"; };
		8F1281021BCC1C4B00F0B005 /* Hashable.swift */ = {isa = PBXFileReference; fileEncoding = 4; lastKnownFileType = sourcecode.swift; path = Hashable.swift; sourceTree = "<group>"; };
		8F1281041BCC1C6C00F0B005 /* HashableTests.swift */ = {isa = PBXFileReference; fileEncoding = 4; lastKnownFileType = sourcecode.swift; path = HashableTests.swift; sourceTree = "<group>"; };
		8F4547A71BBD3CE9004DE5D2 /* NSIndexSet.swift */ = {isa = PBXFileReference; fileEncoding = 4; lastKnownFileType = sourcecode.swift; path = NSIndexSet.swift; sourceTree = "<group>"; };
		8F4547AA1BBD3E44004DE5D2 /* NSIndexSetTests.swift */ = {isa = PBXFileReference; fileEncoding = 4; lastKnownFileType = sourcecode.swift; path = NSIndexSetTests.swift; sourceTree = "<group>"; };
		8F4E7D071BC26C4900A9FD25 /* CircleLabel.swift */ = {isa = PBXFileReference; fileEncoding = 4; lastKnownFileType = sourcecode.swift; path = CircleLabel.swift; sourceTree = "<group>"; };
		8F4E7D091BC26D3900A9FD25 /* Geometry.swift */ = {isa = PBXFileReference; fileEncoding = 4; lastKnownFileType = sourcecode.swift; path = Geometry.swift; sourceTree = "<group>"; };
		8F4E7D0C1BC26E8E00A9FD25 /* CGAffineTransform.swift */ = {isa = PBXFileReference; fileEncoding = 4; lastKnownFileType = sourcecode.swift; path = CGAffineTransform.swift; sourceTree = "<group>"; };
		8F4E7D0D1BC26E8E00A9FD25 /* CGContext.swift */ = {isa = PBXFileReference; fileEncoding = 4; lastKnownFileType = sourcecode.swift; path = CGContext.swift; sourceTree = "<group>"; };
		8F4E7D0E1BC26E8E00A9FD25 /* CGFloat.swift */ = {isa = PBXFileReference; fileEncoding = 4; lastKnownFileType = sourcecode.swift; path = CGFloat.swift; sourceTree = "<group>"; };
		8F4E7D0F1BC26E8E00A9FD25 /* CGPoint.swift */ = {isa = PBXFileReference; fileEncoding = 4; lastKnownFileType = sourcecode.swift; path = CGPoint.swift; sourceTree = "<group>"; };
		8F4E7D101BC26E8E00A9FD25 /* CGRect.swift */ = {isa = PBXFileReference; fileEncoding = 4; lastKnownFileType = sourcecode.swift; path = CGRect.swift; sourceTree = "<group>"; };
		8F4E7D111BC26E8E00A9FD25 /* CGSize.swift */ = {isa = PBXFileReference; fileEncoding = 4; lastKnownFileType = sourcecode.swift; path = CGSize.swift; sourceTree = "<group>"; };
		8F4E7D121BC26E8E00A9FD25 /* CGVector.swift */ = {isa = PBXFileReference; fileEncoding = 4; lastKnownFileType = sourcecode.swift; path = CGVector.swift; sourceTree = "<group>"; };
		8F4F853A1BABFD010001AAE9 /* SetTests.swift */ = {isa = PBXFileReference; fileEncoding = 4; lastKnownFileType = sourcecode.swift; path = SetTests.swift; sourceTree = "<group>"; };
		8F4F853C1BAC24160001AAE9 /* AsyncTests.swift */ = {isa = PBXFileReference; fileEncoding = 4; lastKnownFileType = sourcecode.swift; path = AsyncTests.swift; sourceTree = "<group>"; };
		8F4F853F1BAC3D6C0001AAE9 /* Task.swift */ = {isa = PBXFileReference; fileEncoding = 4; lastKnownFileType = sourcecode.swift; path = Task.swift; sourceTree = "<group>"; };
		8F4F85421BAC421F0001AAE9 /* TaskTests.swift */ = {isa = PBXFileReference; fileEncoding = 4; lastKnownFileType = sourcecode.swift; path = TaskTests.swift; sourceTree = "<group>"; };
		8F4F85481BAD21D10001AAE9 /* RandomTests.swift */ = {isa = PBXFileReference; fileEncoding = 4; lastKnownFileType = sourcecode.swift; path = RandomTests.swift; sourceTree = "<group>"; };
		8F5679D41BBE65D400F833A7 /* CircleView.swift */ = {isa = PBXFileReference; fileEncoding = 4; lastKnownFileType = sourcecode.swift; path = CircleView.swift; sourceTree = "<group>"; };
		8F5679E31BBE8A6B00F833A7 /* NotificationHandlerManager.swift */ = {isa = PBXFileReference; fileEncoding = 4; lastKnownFileType = sourcecode.swift; path = NotificationHandlerManager.swift; sourceTree = "<group>"; };
		8F5679E51BBE8A8600F833A7 /* NSNotification.swift */ = {isa = PBXFileReference; fileEncoding = 4; lastKnownFileType = sourcecode.swift; path = NSNotification.swift; sourceTree = "<group>"; };
		8F5CFB431BCFF8E100029D0C /* UIViewController.swift */ = {isa = PBXFileReference; fileEncoding = 4; lastKnownFileType = sourcecode.swift; path = UIViewController.swift; sourceTree = "<group>"; };
		8F6768771BD0F58C0094C7A8 /* CircleCell.swift */ = {isa = PBXFileReference; fileEncoding = 4; lastKnownFileType = sourcecode.swift; path = CircleCell.swift; sourceTree = "<group>"; };
		8F67690C1BD111620094C7A8 /* UIImage.swift */ = {isa = PBXFileReference; fileEncoding = 4; lastKnownFileType = sourcecode.swift; path = UIImage.swift; sourceTree = "<group>"; };
		8F8149CF1BC3A8A60013AFFE /* UIColor.swift */ = {isa = PBXFileReference; fileEncoding = 4; lastKnownFileType = sourcecode.swift; path = UIColor.swift; sourceTree = "<group>"; };
		8FB61EFC1BA9E9B50034E54F /* Debug.swift */ = {isa = PBXFileReference; fileEncoding = 4; lastKnownFileType = sourcecode.swift; path = Debug.swift; sourceTree = "<group>"; };
		8FB61EFE1BA9EA180034E54F /* Hash.swift */ = {isa = PBXFileReference; fileEncoding = 4; lastKnownFileType = sourcecode.swift; path = Hash.swift; sourceTree = "<group>"; };
		8FB61F001BA9EA360034E54F /* Async.swift */ = {isa = PBXFileReference; fileEncoding = 4; lastKnownFileType = sourcecode.swift; path = Async.swift; sourceTree = "<group>"; };
		8FB61F171BA9FEE80034E54F /* String.swift */ = {isa = PBXFileReference; fileEncoding = 4; lastKnownFileType = sourcecode.swift; path = String.swift; sourceTree = "<group>"; };
		8FB61F181BA9FEE80034E54F /* Float.swift */ = {isa = PBXFileReference; fileEncoding = 4; lastKnownFileType = sourcecode.swift; path = Float.swift; sourceTree = "<group>"; };
		8FB61F191BA9FEE80034E54F /* Bool.swift */ = {isa = PBXFileReference; fileEncoding = 4; lastKnownFileType = sourcecode.swift; lineEnding = 0; path = Bool.swift; sourceTree = "<group>"; xcLanguageSpecificationIdentifier = xcode.lang.swift; };
		8FB61F1A1BA9FEE80034E54F /* Set.swift */ = {isa = PBXFileReference; fileEncoding = 4; lastKnownFileType = sourcecode.swift; lineEnding = 0; path = Set.swift; sourceTree = "<group>"; xcLanguageSpecificationIdentifier = xcode.lang.swift; };
		8FB61F1B1BA9FEE80034E54F /* Array.swift */ = {isa = PBXFileReference; fileEncoding = 4; lastKnownFileType = sourcecode.swift; lineEnding = 0; path = Array.swift; sourceTree = "<group>"; xcLanguageSpecificationIdentifier = xcode.lang.swift; };
		8FB61F1C1BA9FEE80034E54F /* Double.swift */ = {isa = PBXFileReference; fileEncoding = 4; lastKnownFileType = sourcecode.swift; path = Double.swift; sourceTree = "<group>"; };
		8FC3668C1BC5BF07003ADE80 /* GradientView.swift */ = {isa = PBXFileReference; fileEncoding = 4; lastKnownFileType = sourcecode.swift; path = GradientView.swift; sourceTree = "<group>"; };
		8FC4C2C71BA9AEA8004639E5 /* Silverback.framework */ = {isa = PBXFileReference; explicitFileType = wrapper.framework; includeInIndex = 0; path = Silverback.framework; sourceTree = BUILT_PRODUCTS_DIR; };
		8FC4C2CA1BA9AEA8004639E5 /* Silverback.h */ = {isa = PBXFileReference; lastKnownFileType = sourcecode.c.h; path = Silverback.h; sourceTree = "<group>"; };
		8FC4C2CC1BA9AEA8004639E5 /* Info.plist */ = {isa = PBXFileReference; lastKnownFileType = text.plist.xml; path = Info.plist; sourceTree = "<group>"; };
		8FC4C2D11BA9AEA8004639E5 /* SilverbackTests.xctest */ = {isa = PBXFileReference; explicitFileType = wrapper.cfbundle; includeInIndex = 0; path = SilverbackTests.xctest; sourceTree = BUILT_PRODUCTS_DIR; };
		8FC4C2D81BA9AEA8004639E5 /* Info.plist */ = {isa = PBXFileReference; lastKnownFileType = text.plist.xml; path = Info.plist; sourceTree = "<group>"; };
		8FC4C2E11BA9B07C004639E5 /* Operators.swift */ = {isa = PBXFileReference; fileEncoding = 4; lastKnownFileType = sourcecode.swift; path = Operators.swift; sourceTree = "<group>"; };
		8FC4C2E51BA9B0B6004639E5 /* OperatorsTests.swift */ = {isa = PBXFileReference; fileEncoding = 4; lastKnownFileType = sourcecode.swift; path = OperatorsTests.swift; sourceTree = "<group>"; };
		8FC4C3611BA9D987004639E5 /* Int.swift */ = {isa = PBXFileReference; fileEncoding = 4; lastKnownFileType = sourcecode.swift; lineEnding = 0; path = Int.swift; sourceTree = "<group>"; xcLanguageSpecificationIdentifier = xcode.lang.swift; };
		8FC4C3681BA9DACD004639E5 /* IntTests.swift */ = {isa = PBXFileReference; fileEncoding = 4; lastKnownFileType = sourcecode.swift; path = IntTests.swift; sourceTree = "<group>"; };
		8FC4C36A1BA9DB55004639E5 /* Random.swift */ = {isa = PBXFileReference; fileEncoding = 4; lastKnownFileType = sourcecode.swift; path = Random.swift; sourceTree = "<group>"; };
		8FC5C6F71BC4F38000998FC0 /* ArrayTests.swift */ = {isa = PBXFileReference; fileEncoding = 4; lastKnownFileType = sourcecode.swift; path = ArrayTests.swift; sourceTree = "<group>"; };
		8FF075771BC6441F008A912A /* Queue.swift */ = {isa = PBXFileReference; fileEncoding = 4; lastKnownFileType = sourcecode.swift; path = Queue.swift; sourceTree = "<group>"; };
		8FF075791BC64668008A912A /* List.swift */ = {isa = PBXFileReference; fileEncoding = 4; lastKnownFileType = sourcecode.swift; path = List.swift; sourceTree = "<group>"; };
		8FF0757B1BC652B2008A912A /* Buffer.swift */ = {isa = PBXFileReference; fileEncoding = 4; lastKnownFileType = sourcecode.swift; path = Buffer.swift; sourceTree = "<group>"; };
		8FF0757D1BC65B9A008A912A /* ByteBuffer.swift */ = {isa = PBXFileReference; fileEncoding = 4; lastKnownFileType = sourcecode.swift; lineEnding = 0; path = ByteBuffer.swift; sourceTree = "<group>"; xcLanguageSpecificationIdentifier = xcode.lang.swift; };
/* End PBXFileReference section */

/* Begin PBXFrameworksBuildPhase section */
		8FC4C2C31BA9AEA8004639E5 /* Frameworks */ = {
			isa = PBXFrameworksBuildPhase;
			buildActionMask = 2147483647;
			files = (
			);
			runOnlyForDeploymentPostprocessing = 0;
		};
		8FC4C2CE1BA9AEA8004639E5 /* Frameworks */ = {
			isa = PBXFrameworksBuildPhase;
			buildActionMask = 2147483647;
			files = (
				8FC4C2D21BA9AEA8004639E5 /* Silverback.framework in Frameworks */,
			);
			runOnlyForDeploymentPostprocessing = 0;
		};
/* End PBXFrameworksBuildPhase section */

/* Begin PBXGroup section */
		8F4547A91BBD3CEE004DE5D2 /* Foundation */ = {
			isa = PBXGroup;
			children = (
				8F4547A71BBD3CE9004DE5D2 /* NSIndexSet.swift */,
				8F5679E51BBE8A8600F833A7 /* NSNotification.swift */,
			);
			name = Foundation;
			sourceTree = "<group>";
		};
		8F4E7D0B1BC26D3E00A9FD25 /* CoreGraphics */ = {
			isa = PBXGroup;
			children = (
				8F4E7D0C1BC26E8E00A9FD25 /* CGAffineTransform.swift */,
				8F4E7D0D1BC26E8E00A9FD25 /* CGContext.swift */,
				8F4E7D0E1BC26E8E00A9FD25 /* CGFloat.swift */,
				8F4E7D0F1BC26E8E00A9FD25 /* CGPoint.swift */,
				8F4E7D101BC26E8E00A9FD25 /* CGRect.swift */,
				8F4E7D111BC26E8E00A9FD25 /* CGSize.swift */,
				8F4E7D121BC26E8E00A9FD25 /* CGVector.swift */,
				8F4E7D091BC26D3900A9FD25 /* Geometry.swift */,
			);
			name = CoreGraphics;
			sourceTree = "<group>";
		};
		8F5679D61BBE65E100F833A7 /* Views */ = {
			isa = PBXGroup;
			children = (
				8F5679D41BBE65D400F833A7 /* CircleView.swift */,
				8F4E7D071BC26C4900A9FD25 /* CircleLabel.swift */,
				8FC3668C1BC5BF07003ADE80 /* GradientView.swift */,
				8F6768771BD0F58C0094C7A8 /* CircleCell.swift */,
			);
			name = Views;
			sourceTree = "<group>";
		};
		8F5679E21BBE8A5200F833A7 /* Execution */ = {
			isa = PBXGroup;
			children = (
				8FB61F001BA9EA360034E54F /* Async.swift */,
				8F4F853F1BAC3D6C0001AAE9 /* Task.swift */,
				8F5679E31BBE8A6B00F833A7 /* NotificationHandlerManager.swift */,
			);
			name = Execution;
			sourceTree = "<group>";
		};
		8F8149D11BC3A8B40013AFFE /* UIKit */ = {
			isa = PBXGroup;
			children = (
				8F67690C1BD111620094C7A8 /* UIImage.swift */,
				8F8149CF1BC3A8A60013AFFE /* UIColor.swift */,
				8F5CFB431BCFF8E100029D0C /* UIViewController.swift */,
			);
			name = UIKit;
			sourceTree = "<group>";
		};
		8FC4C2BD1BA9AEA7004639E5 = {
			isa = PBXGroup;
			children = (
				8FC4C2C91BA9AEA8004639E5 /* Silverback */,
				8FC4C2D51BA9AEA8004639E5 /* SilverbackTests */,
				8FC4C2C81BA9AEA8004639E5 /* Products */,
			);
			sourceTree = "<group>";
		};
		8FC4C2C81BA9AEA8004639E5 /* Products */ = {
			isa = PBXGroup;
			children = (
				8FC4C2C71BA9AEA8004639E5 /* Silverback.framework */,
				8FC4C2D11BA9AEA8004639E5 /* SilverbackTests.xctest */,
			);
			name = Products;
			sourceTree = "<group>";
		};
		8FC4C2C91BA9AEA8004639E5 /* Silverback */ = {
			isa = PBXGroup;
			children = (
				8FC4C2E41BA9B082004639E5 /* Swift */,
				8FC4C2CA1BA9AEA8004639E5 /* Silverback.h */,
				8FF075771BC6441F008A912A /* Queue.swift */,
				8FF075791BC64668008A912A /* List.swift */,
				8F1280E51BCB81A600F0B005 /* Choice.swift */,
				8FF0757B1BC652B2008A912A /* Buffer.swift */,
				8FF0757D1BC65B9A008A912A /* ByteBuffer.swift */,
				8F1280CC1BC6800700F0B005 /* GenericIntegerType.swift */,
				8FC4C2CC1BA9AEA8004639E5 /* Info.plist */,
				8FB61EFC1BA9E9B50034E54F /* Debug.swift */,
				8FB61EFE1BA9EA180034E54F /* Hash.swift */,
				8F4E7D0B1BC26D3E00A9FD25 /* CoreGraphics */,
				8F5679E21BBE8A5200F833A7 /* Execution */,
				8F5679D61BBE65E100F833A7 /* Views */,
				8F4547A91BBD3CEE004DE5D2 /* Foundation */,
				8F8149D11BC3A8B40013AFFE /* UIKit */,
			);
			path = Silverback;
			sourceTree = "<group>";
		};
		8FC4C2D51BA9AEA8004639E5 /* SilverbackTests */ = {
			isa = PBXGroup;
			children = (
				8FC4C3231BA9C637004639E5 /* Swift */,
				8FC4C2D81BA9AEA8004639E5 /* Info.plist */,
				8F1280CE1BC6981300F0B005 /* BufferTests.swift */,
				8F1280D01BC6A33500F0B005 /* ByteBufferTests.swift */,
				8F1280D31BC79A8D00F0B005 /* BytableTests.swift */,
				8F1280E81BCBB14200F0B005 /* ChoiceTests.swift */,
			);
			path = SilverbackTests;
			sourceTree = "<group>";
		};
		8FC4C2E41BA9B082004639E5 /* Swift */ = {
			isa = PBXGroup;
			children = (
				8FB61F171BA9FEE80034E54F /* String.swift */,
				8FB61F181BA9FEE80034E54F /* Float.swift */,
				8FB61F191BA9FEE80034E54F /* Bool.swift */,
				8FB61F1A1BA9FEE80034E54F /* Set.swift */,
				8FB61F1B1BA9FEE80034E54F /* Array.swift */,
				8FB61F1C1BA9FEE80034E54F /* Double.swift */,
				8FC4C36A1BA9DB55004639E5 /* Random.swift */,
				8FC4C3611BA9D987004639E5 /* Int.swift */,
				8FC4C2E11BA9B07C004639E5 /* Operators.swift */,
				8F0147AB1BAA15EF001ED3CF /* SequenceType.swift */,
				8F1281021BCC1C4B00F0B005 /* Hashable.swift */,
			);
			name = Swift;
			sourceTree = "<group>";
		};
		8FC4C3231BA9C637004639E5 /* Swift */ = {
			isa = PBXGroup;
			children = (
				8FC4C2E51BA9B0B6004639E5 /* OperatorsTests.swift */,
				8F0147AD1BAA16D3001ED3CF /* SequenceTypeTests.swift */,
				8FC4C3681BA9DACD004639E5 /* IntTests.swift */,
				8F4F853A1BABFD010001AAE9 /* SetTests.swift */,
				8F4F853C1BAC24160001AAE9 /* AsyncTests.swift */,
				8F4F85421BAC421F0001AAE9 /* TaskTests.swift */,
				8F4F85481BAD21D10001AAE9 /* RandomTests.swift */,
				8F4547AA1BBD3E44004DE5D2 /* NSIndexSetTests.swift */,
				8FC5C6F71BC4F38000998FC0 /* ArrayTests.swift */,
				8F1281041BCC1C6C00F0B005 /* HashableTests.swift */,
			);
			name = Swift;
			sourceTree = "<group>";
		};
/* End PBXGroup section */

/* Begin PBXHeadersBuildPhase section */
		8FC4C2C41BA9AEA8004639E5 /* Headers */ = {
			isa = PBXHeadersBuildPhase;
			buildActionMask = 2147483647;
			files = (
				8FC4C2CB1BA9AEA8004639E5 /* Silverback.h in Headers */,
			);
			runOnlyForDeploymentPostprocessing = 0;
		};
/* End PBXHeadersBuildPhase section */

/* Begin PBXNativeTarget section */
		8FC4C2C61BA9AEA8004639E5 /* Silverback */ = {
			isa = PBXNativeTarget;
			buildConfigurationList = 8FC4C2DB1BA9AEA8004639E5 /* Build configuration list for PBXNativeTarget "Silverback" */;
			buildPhases = (
				8FC4C2C21BA9AEA8004639E5 /* Sources */,
				8FC4C2C31BA9AEA8004639E5 /* Frameworks */,
				8FC4C2C41BA9AEA8004639E5 /* Headers */,
				8FC4C2C51BA9AEA8004639E5 /* Resources */,
			);
			buildRules = (
			);
			dependencies = (
			);
			name = Silverback;
			productName = Silverback;
			productReference = 8FC4C2C71BA9AEA8004639E5 /* Silverback.framework */;
			productType = "com.apple.product-type.framework";
		};
		8FC4C2D01BA9AEA8004639E5 /* SilverbackTests */ = {
			isa = PBXNativeTarget;
			buildConfigurationList = 8FC4C2DE1BA9AEA8004639E5 /* Build configuration list for PBXNativeTarget "SilverbackTests" */;
			buildPhases = (
				8FC4C2CD1BA9AEA8004639E5 /* Sources */,
				8FC4C2CE1BA9AEA8004639E5 /* Frameworks */,
				8FC4C2CF1BA9AEA8004639E5 /* Resources */,
			);
			buildRules = (
			);
			dependencies = (
				8FC4C2D41BA9AEA8004639E5 /* PBXTargetDependency */,
			);
			name = SilverbackTests;
			productName = SilverbackTests;
			productReference = 8FC4C2D11BA9AEA8004639E5 /* SilverbackTests.xctest */;
			productType = "com.apple.product-type.bundle.unit-test";
		};
/* End PBXNativeTarget section */

/* Begin PBXProject section */
		8FC4C2BE1BA9AEA7004639E5 /* Project object */ = {
			isa = PBXProject;
			attributes = {
				LastSwiftUpdateCheck = 0710;
				LastUpgradeCheck = 0710;
				ORGANIZATIONNAME = "Christian Otkjær";
				TargetAttributes = {
					8FC4C2C61BA9AEA8004639E5 = {
						CreatedOnToolsVersion = 7.1;
					};
					8FC4C2D01BA9AEA8004639E5 = {
						CreatedOnToolsVersion = 7.1;
					};
				};
			};
			buildConfigurationList = 8FC4C2C11BA9AEA7004639E5 /* Build configuration list for PBXProject "Silverback" */;
			compatibilityVersion = "Xcode 3.2";
			developmentRegion = English;
			hasScannedForEncodings = 0;
			knownRegions = (
				en,
			);
			mainGroup = 8FC4C2BD1BA9AEA7004639E5;
			productRefGroup = 8FC4C2C81BA9AEA8004639E5 /* Products */;
			projectDirPath = "";
			projectRoot = "";
			targets = (
				8FC4C2C61BA9AEA8004639E5 /* Silverback */,
				8FC4C2D01BA9AEA8004639E5 /* SilverbackTests */,
			);
		};
/* End PBXProject section */

/* Begin PBXResourcesBuildPhase section */
		8FC4C2C51BA9AEA8004639E5 /* Resources */ = {
			isa = PBXResourcesBuildPhase;
			buildActionMask = 2147483647;
			files = (
			);
			runOnlyForDeploymentPostprocessing = 0;
		};
		8FC4C2CF1BA9AEA8004639E5 /* Resources */ = {
			isa = PBXResourcesBuildPhase;
			buildActionMask = 2147483647;
			files = (
			);
			runOnlyForDeploymentPostprocessing = 0;
		};
/* End PBXResourcesBuildPhase section */

/* Begin PBXSourcesBuildPhase section */
		8FC4C2C21BA9AEA8004639E5 /* Sources */ = {
			isa = PBXSourcesBuildPhase;
			buildActionMask = 2147483647;
			files = (
				8F6768781BD0F58C0094C7A8 /* CircleCell.swift in Sources */,
				8F67690D1BD111620094C7A8 /* UIImage.swift in Sources */,
				8F4E7D131BC26E8E00A9FD25 /* CGAffineTransform.swift in Sources */,
				8F1281031BCC1C4B00F0B005 /* Hashable.swift in Sources */,
				8FF0757C1BC652B2008A912A /* Buffer.swift in Sources */,
				8F8149D01BC3A8A60013AFFE /* UIColor.swift in Sources */,
				8FB61F231BA9FEE80034E54F /* Set.swift in Sources */,
				8F5679E41BBE8A6B00F833A7 /* NotificationHandlerManager.swift in Sources */,
				8F0147AC1BAA15EF001ED3CF /* SequenceType.swift in Sources */,
				8F4E7D191BC26E8E00A9FD25 /* CGPoint.swift in Sources */,
				8FB61EFF1BA9EA180034E54F /* Hash.swift in Sources */,
				8FB61EFD1BA9E9B50034E54F /* Debug.swift in Sources */,
				8F4E7D1B1BC26E8E00A9FD25 /* CGRect.swift in Sources */,
				8FC4C2E21BA9B07C004639E5 /* Operators.swift in Sources */,
				8F4E7D081BC26C4900A9FD25 /* CircleLabel.swift in Sources */,
				8FC4C3621BA9D987004639E5 /* Int.swift in Sources */,
				8F5679E61BBE8A8600F833A7 /* NSNotification.swift in Sources */,
				8F4E7D0A1BC26D3900A9FD25 /* Geometry.swift in Sources */,
				8FB61F1F1BA9FEE80034E54F /* Float.swift in Sources */,
				8F1280E61BCB81A700F0B005 /* Choice.swift in Sources */,
				8FF0757E1BC65B9A008A912A /* ByteBuffer.swift in Sources */,
				8F4E7D1D1BC26E8E00A9FD25 /* CGSize.swift in Sources */,
				8FB61F251BA9FEE80034E54F /* Array.swift in Sources */,
				8F5CFB441BCFF8E100029D0C /* UIViewController.swift in Sources */,
				8F4E7D171BC26E8E00A9FD25 /* CGFloat.swift in Sources */,
				8F4E7D1F1BC26E8E00A9FD25 /* CGVector.swift in Sources */,
				8F5679D51BBE65D400F833A7 /* CircleView.swift in Sources */,
				8FB61F211BA9FEE80034E54F /* Bool.swift in Sources */,
				8F4547A81BBD3CE9004DE5D2 /* NSIndexSet.swift in Sources */,
				8FB61F1D1BA9FEE80034E54F /* String.swift in Sources */,
				8FB61F011BA9EA360034E54F /* Async.swift in Sources */,
				8F1280CD1BC6800800F0B005 /* GenericIntegerType.swift in Sources */,
				8FB61F271BA9FEE80034E54F /* Double.swift in Sources */,
				8FF075781BC6441F008A912A /* Queue.swift in Sources */,
				8F4E7D151BC26E8E00A9FD25 /* CGContext.swift in Sources */,
				8FC3668D1BC5BF07003ADE80 /* GradientView.swift in Sources */,
				8F4F85401BAC3D6C0001AAE9 /* Task.swift in Sources */,
				8FF0757A1BC64668008A912A /* List.swift in Sources */,
				8FC4C36B1BA9DB55004639E5 /* Random.swift in Sources */,
			);
			runOnlyForDeploymentPostprocessing = 0;
		};
		8FC4C2CD1BA9AEA8004639E5 /* Sources */ = {
			isa = PBXSourcesBuildPhase;
			buildActionMask = 2147483647;
			files = (
				8F4E7D181BC26E8E00A9FD25 /* CGFloat.swift in Sources */,
				8FF075801BC65C89008A912A /* Buffer.swift in Sources */,
				8F4F853B1BABFD010001AAE9 /* SetTests.swift in Sources */,
				8F4E7D201BC26E8E00A9FD25 /* CGVector.swift in Sources */,
				8F0147AE1BAA16D3001ED3CF /* SequenceTypeTests.swift in Sources */,
				8F0147AF1BAA1753001ED3CF /* SequenceType.swift in Sources */,
				8F1280E71BCB81CC00F0B005 /* Choice.swift in Sources */,
				8F4E7D161BC26E8E00A9FD25 /* CGContext.swift in Sources */,
				8FF0757F1BC65C85008A912A /* ByteBuffer.swift in Sources */,
				8FB61F1E1BA9FEE80034E54F /* String.swift in Sources */,
				8F4547AB1BBD3E44004DE5D2 /* NSIndexSetTests.swift in Sources */,
				8F1280D21BC795F200F0B005 /* GenericIntegerType.swift in Sources */,
				8F4E7D1E1BC26E8E00A9FD25 /* CGSize.swift in Sources */,
				8F4F853E1BAC24390001AAE9 /* Async.swift in Sources */,
				8F1280D41BC79A8D00F0B005 /* BytableTests.swift in Sources */,
				8FB61F261BA9FEE80034E54F /* Array.swift in Sources */,
				8FB61F221BA9FEE80034E54F /* Bool.swift in Sources */,
				8FC4C3631BA9D987004639E5 /* Int.swift in Sources */,
				8FC4C2E31BA9B07D004639E5 /* Operators.swift in Sources */,
				8F4F85431BAC421F0001AAE9 /* TaskTests.swift in Sources */,
				8F1280D11BC6A33500F0B005 /* ByteBufferTests.swift in Sources */,
				8F4E7D1C1BC26E8E00A9FD25 /* CGRect.swift in Sources */,
				8FC5C6F81BC4F38000998FC0 /* ArrayTests.swift in Sources */,
				8F4F853D1BAC24160001AAE9 /* AsyncTests.swift in Sources */,
				8FB61F201BA9FEE80034E54F /* Float.swift in Sources */,
				8FF075821BC65C8D008A912A /* List.swift in Sources */,
				8FC5C6F91BC4F48000998FC0 /* Geometry.swift in Sources */,
				8FC4C36C1BA9DB55004639E5 /* Random.swift in Sources */,
				8FC4C2E61BA9B0B6004639E5 /* OperatorsTests.swift in Sources */,
				8FC4C3691BA9DACD004639E5 /* IntTests.swift in Sources */,
				8F1281051BCC1C6C00F0B005 /* HashableTests.swift in Sources */,
				8F1281061BCC1CB700F0B005 /* Hashable.swift in Sources */,
				8FF075811BC65C8D008A912A /* Queue.swift in Sources */,
				8F1280CF1BC6981300F0B005 /* BufferTests.swift in Sources */,
				8FB61F281BA9FEE80034E54F /* Double.swift in Sources */,
				8F4E7D141BC26E8E00A9FD25 /* CGAffineTransform.swift in Sources */,
				8F1280E91BCBB14200F0B005 /* ChoiceTests.swift in Sources */,
				8F4F85411BAC3D6F0001AAE9 /* Task.swift in Sources */,
				8F4547AC1BBD3E4B004DE5D2 /* NSIndexSet.swift in Sources */,
				8FB61F241BA9FEE80034E54F /* Set.swift in Sources */,
				8F4E7D1A1BC26E8E00A9FD25 /* CGPoint.swift in Sources */,
				8F4F85491BAD21D10001AAE9 /* RandomTests.swift in Sources */,
			);
			runOnlyForDeploymentPostprocessing = 0;
		};
/* End PBXSourcesBuildPhase section */

/* Begin PBXTargetDependency section */
		8FC4C2D41BA9AEA8004639E5 /* PBXTargetDependency */ = {
			isa = PBXTargetDependency;
			target = 8FC4C2C61BA9AEA8004639E5 /* Silverback */;
			targetProxy = 8FC4C2D31BA9AEA8004639E5 /* PBXContainerItemProxy */;
		};
/* End PBXTargetDependency section */

/* Begin XCBuildConfiguration section */
		8FC4C2D91BA9AEA8004639E5 /* Debug */ = {
			isa = XCBuildConfiguration;
			buildSettings = {
				ALWAYS_SEARCH_USER_PATHS = NO;
				CLANG_CXX_LANGUAGE_STANDARD = "gnu++0x";
				CLANG_CXX_LIBRARY = "libc++";
				CLANG_ENABLE_MODULES = YES;
				CLANG_ENABLE_OBJC_ARC = YES;
				CLANG_WARN_BOOL_CONVERSION = YES;
				CLANG_WARN_CONSTANT_CONVERSION = YES;
				CLANG_WARN_DIRECT_OBJC_ISA_USAGE = YES_ERROR;
				CLANG_WARN_EMPTY_BODY = YES;
				CLANG_WARN_ENUM_CONVERSION = YES;
				CLANG_WARN_INT_CONVERSION = YES;
				CLANG_WARN_OBJC_ROOT_CLASS = YES_ERROR;
				CLANG_WARN_UNREACHABLE_CODE = YES;
				CLANG_WARN__DUPLICATE_METHOD_MATCH = YES;
				"CODE_SIGN_IDENTITY[sdk=iphoneos*]" = "iPhone Developer";
				COPY_PHASE_STRIP = NO;
				CURRENT_PROJECT_VERSION = 1;
				DEBUG_INFORMATION_FORMAT = dwarf;
				ENABLE_STRICT_OBJC_MSGSEND = YES;
				ENABLE_TESTABILITY = YES;
				GCC_C_LANGUAGE_STANDARD = gnu99;
				GCC_DYNAMIC_NO_PIC = NO;
				GCC_NO_COMMON_BLOCKS = YES;
				GCC_OPTIMIZATION_LEVEL = 0;
				GCC_PREPROCESSOR_DEFINITIONS = (
					"DEBUG=1",
					"$(inherited)",
				);
				GCC_WARN_64_TO_32_BIT_CONVERSION = YES;
				GCC_WARN_ABOUT_RETURN_TYPE = YES_ERROR;
				GCC_WARN_UNDECLARED_SELECTOR = YES;
				GCC_WARN_UNINITIALIZED_AUTOS = YES_AGGRESSIVE;
				GCC_WARN_UNUSED_FUNCTION = YES;
				GCC_WARN_UNUSED_VARIABLE = YES;
				IPHONEOS_DEPLOYMENT_TARGET = 9.1;
				MTL_ENABLE_DEBUG_INFO = YES;
				ONLY_ACTIVE_ARCH = YES;
				SDKROOT = iphoneos;
				SWIFT_OPTIMIZATION_LEVEL = "-Onone";
				TARGETED_DEVICE_FAMILY = "1,2";
				VERSIONING_SYSTEM = "apple-generic";
				VERSION_INFO_PREFIX = "";
			};
			name = Debug;
		};
		8FC4C2DA1BA9AEA8004639E5 /* Release */ = {
			isa = XCBuildConfiguration;
			buildSettings = {
				ALWAYS_SEARCH_USER_PATHS = NO;
				CLANG_CXX_LANGUAGE_STANDARD = "gnu++0x";
				CLANG_CXX_LIBRARY = "libc++";
				CLANG_ENABLE_MODULES = YES;
				CLANG_ENABLE_OBJC_ARC = YES;
				CLANG_WARN_BOOL_CONVERSION = YES;
				CLANG_WARN_CONSTANT_CONVERSION = YES;
				CLANG_WARN_DIRECT_OBJC_ISA_USAGE = YES_ERROR;
				CLANG_WARN_EMPTY_BODY = YES;
				CLANG_WARN_ENUM_CONVERSION = YES;
				CLANG_WARN_INT_CONVERSION = YES;
				CLANG_WARN_OBJC_ROOT_CLASS = YES_ERROR;
				CLANG_WARN_UNREACHABLE_CODE = YES;
				CLANG_WARN__DUPLICATE_METHOD_MATCH = YES;
				"CODE_SIGN_IDENTITY[sdk=iphoneos*]" = "iPhone Developer";
				COPY_PHASE_STRIP = NO;
				CURRENT_PROJECT_VERSION = 1;
				DEBUG_INFORMATION_FORMAT = "dwarf-with-dsym";
				ENABLE_NS_ASSERTIONS = NO;
				ENABLE_STRICT_OBJC_MSGSEND = YES;
				GCC_C_LANGUAGE_STANDARD = gnu99;
				GCC_NO_COMMON_BLOCKS = YES;
				GCC_WARN_64_TO_32_BIT_CONVERSION = YES;
				GCC_WARN_ABOUT_RETURN_TYPE = YES_ERROR;
				GCC_WARN_UNDECLARED_SELECTOR = YES;
				GCC_WARN_UNINITIALIZED_AUTOS = YES_AGGRESSIVE;
				GCC_WARN_UNUSED_FUNCTION = YES;
				GCC_WARN_UNUSED_VARIABLE = YES;
				IPHONEOS_DEPLOYMENT_TARGET = 9.1;
				MTL_ENABLE_DEBUG_INFO = NO;
				SDKROOT = iphoneos;
				TARGETED_DEVICE_FAMILY = "1,2";
				VALIDATE_PRODUCT = YES;
				VERSIONING_SYSTEM = "apple-generic";
				VERSION_INFO_PREFIX = "";
			};
			name = Release;
		};
		8FC4C2DC1BA9AEA8004639E5 /* Debug */ = {
			isa = XCBuildConfiguration;
			buildSettings = {
				CLANG_ENABLE_MODULES = YES;
				DEFINES_MODULE = YES;
				DYLIB_COMPATIBILITY_VERSION = 1;
				DYLIB_CURRENT_VERSION = 1;
				DYLIB_INSTALL_NAME_BASE = "@rpath";
				INFOPLIST_FILE = Silverback/Info.plist;
				INSTALL_PATH = "$(LOCAL_LIBRARY_DIR)/Frameworks";
				IPHONEOS_DEPLOYMENT_TARGET = 8.4;
				LD_RUNPATH_SEARCH_PATHS = "$(inherited) @executable_path/Frameworks @loader_path/Frameworks";
				PRODUCT_BUNDLE_IDENTIFIER = "com.silverback-it.Silverback";
				PRODUCT_NAME = "$(TARGET_NAME)";
				SKIP_INSTALL = YES;
				SWIFT_OPTIMIZATION_LEVEL = "-Onone";
			};
			name = Debug;
		};
		8FC4C2DD1BA9AEA8004639E5 /* Release */ = {
			isa = XCBuildConfiguration;
			buildSettings = {
				CLANG_ENABLE_MODULES = YES;
				DEFINES_MODULE = YES;
				DYLIB_COMPATIBILITY_VERSION = 1;
				DYLIB_CURRENT_VERSION = 1;
				DYLIB_INSTALL_NAME_BASE = "@rpath";
				INFOPLIST_FILE = Silverback/Info.plist;
				INSTALL_PATH = "$(LOCAL_LIBRARY_DIR)/Frameworks";
				IPHONEOS_DEPLOYMENT_TARGET = 8.4;
				LD_RUNPATH_SEARCH_PATHS = "$(inherited) @executable_path/Frameworks @loader_path/Frameworks";
				PRODUCT_BUNDLE_IDENTIFIER = "com.silverback-it.Silverback";
				PRODUCT_NAME = "$(TARGET_NAME)";
				SKIP_INSTALL = YES;
			};
			name = Release;
		};
		8FC4C2DF1BA9AEA8004639E5 /* Debug */ = {
			isa = XCBuildConfiguration;
			buildSettings = {
				INFOPLIST_FILE = SilverbackTests/Info.plist;
				IPHONEOS_DEPLOYMENT_TARGET = 9.0;
				LD_RUNPATH_SEARCH_PATHS = "$(inherited) @executable_path/Frameworks @loader_path/Frameworks";
				PRODUCT_BUNDLE_IDENTIFIER = "com.silverback-it.SilverbackTests";
				PRODUCT_NAME = "$(TARGET_NAME)";
			};
			name = Debug;
		};
		8FC4C2E01BA9AEA8004639E5 /* Release */ = {
			isa = XCBuildConfiguration;
			buildSettings = {
				INFOPLIST_FILE = SilverbackTests/Info.plist;
				IPHONEOS_DEPLOYMENT_TARGET = 9.0;
				LD_RUNPATH_SEARCH_PATHS = "$(inherited) @executable_path/Frameworks @loader_path/Frameworks";
				PRODUCT_BUNDLE_IDENTIFIER = "com.silverback-it.SilverbackTests";
				PRODUCT_NAME = "$(TARGET_NAME)";
			};
			name = Release;
		};
/* End XCBuildConfiguration section */

/* Begin XCConfigurationList section */
		8FC4C2C11BA9AEA7004639E5 /* Build configuration list for PBXProject "Silverback" */ = {
			isa = XCConfigurationList;
			buildConfigurations = (
				8FC4C2D91BA9AEA8004639E5 /* Debug */,
				8FC4C2DA1BA9AEA8004639E5 /* Release */,
			);
			defaultConfigurationIsVisible = 0;
			defaultConfigurationName = Release;
		};
		8FC4C2DB1BA9AEA8004639E5 /* Build configuration list for PBXNativeTarget "Silverback" */ = {
			isa = XCConfigurationList;
			buildConfigurations = (
				8FC4C2DC1BA9AEA8004639E5 /* Debug */,
				8FC4C2DD1BA9AEA8004639E5 /* Release */,
			);
			defaultConfigurationIsVisible = 0;
			defaultConfigurationName = Release;
		};
		8FC4C2DE1BA9AEA8004639E5 /* Build configuration list for PBXNativeTarget "SilverbackTests" */ = {
			isa = XCConfigurationList;
			buildConfigurations = (
				8FC4C2DF1BA9AEA8004639E5 /* Debug */,
				8FC4C2E01BA9AEA8004639E5 /* Release */,
			);
			defaultConfigurationIsVisible = 0;
			defaultConfigurationName = Release;
		};
/* End XCConfigurationList section */
	};
	rootObject = 8FC4C2BE1BA9AEA7004639E5 /* Project object */;
}
